
Microsoft Visual Studio Solution File, Format Version 12.00
# Visual Studio Version 16
VisualStudioVersion = 16.0.29613.14
MinimumVisualStudioVersion = 15.0.26124.0
Project("{9A19103F-16F7-4668-BE54-9A1E7A4F7556}") = "RecipiecesWeb", "RecipiecesWeb\RecipiecesWeb.csproj", "{F00754FC-FB04-4957-B262-94AFCA8F2134}"
EndProject
Project("{9A19103F-16F7-4668-BE54-9A1E7A4F7556}") = "RecipeApi", "RecipeApi\RecipeApi.csproj", "{CB495FA4-75FD-484E-98CE-E18A275762AF}"
EndProject
Project("{9A19103F-16F7-4668-BE54-9A1E7A4F7556}") = "RecipeUIClassLib", "RecipeUIClassLib\RecipeUIClassLib.csproj", "{E809A494-F491-4F5D-9CF9-73C42A17CDCF}"
EndProject
Project("{9A19103F-16F7-4668-BE54-9A1E7A4F7556}") = "RecipeUnitTests", "RecipeUnitTests\RecipeUnitTests.csproj", "{8CDE2128-71FE-4541-B8AE-8BFE20B3E1F1}"
EndProject
Project("{2150E333-8FDC-42A3-9474-1A3956D46DE8}") = "Solution Items", "Solution Items", "{EE53757E-F32E-41E3-AC12-B17E180BB008}"
	ProjectSection(SolutionItems) = preProject
		.editorconfig = .editorconfig
	EndProjectSection
EndProject
Project("{9A19103F-16F7-4668-BE54-9A1E7A4F7556}") = "Api.Domain", "Api.Domain\Api.Domain.csproj", "{DEBBCF9F-A934-4CEE-B9E1-82C59565764A}"
EndProject
Project("{9A19103F-16F7-4668-BE54-9A1E7A4F7556}") = "Api.Infrastructure", "Api.Infrastructure\Api.Infrastructure.csproj", "{41F790D1-8CEA-4ACF-A3B4-61D18A6699B6}"
EndProject
Project("{FAE04EC0-301F-11D3-BF4B-00C04F79EFBC}") = "RecipiecesAlbum", "RecipiecesAlbum\RecipiecesAlbum.csproj", "{2A25722A-5C83-4412-9A3A-CE82DB2137E7}"
EndProject
Global
	GlobalSection(SolutionConfigurationPlatforms) = preSolution
		Debug|Any CPU = Debug|Any CPU
		Debug|x64 = Debug|x64
		Debug|x86 = Debug|x86
		Release|Any CPU = Release|Any CPU
		Release|x64 = Release|x64
		Release|x86 = Release|x86
	EndGlobalSection
	GlobalSection(ProjectConfigurationPlatforms) = postSolution
		{F00754FC-FB04-4957-B262-94AFCA8F2134}.Debug|Any CPU.ActiveCfg = Debug|Any CPU
		{F00754FC-FB04-4957-B262-94AFCA8F2134}.Debug|Any CPU.Build.0 = Debug|Any CPU
		{F00754FC-FB04-4957-B262-94AFCA8F2134}.Debug|x64.ActiveCfg = Debug|Any CPU
		{F00754FC-FB04-4957-B262-94AFCA8F2134}.Debug|x64.Build.0 = Debug|Any CPU
		{F00754FC-FB04-4957-B262-94AFCA8F2134}.Debug|x86.ActiveCfg = Debug|Any CPU
		{F00754FC-FB04-4957-B262-94AFCA8F2134}.Debug|x86.Build.0 = Debug|Any CPU
		{F00754FC-FB04-4957-B262-94AFCA8F2134}.Release|Any CPU.ActiveCfg = Release|Any CPU
		{F00754FC-FB04-4957-B262-94AFCA8F2134}.Release|Any CPU.Build.0 = Release|Any CPU
		{F00754FC-FB04-4957-B262-94AFCA8F2134}.Release|x64.ActiveCfg = Release|Any CPU
		{F00754FC-FB04-4957-B262-94AFCA8F2134}.Release|x64.Build.0 = Release|Any CPU
		{F00754FC-FB04-4957-B262-94AFCA8F2134}.Release|x86.ActiveCfg = Release|Any CPU
		{F00754FC-FB04-4957-B262-94AFCA8F2134}.Release|x86.Build.0 = Release|Any CPU
		{CB495FA4-75FD-484E-98CE-E18A275762AF}.Debug|Any CPU.ActiveCfg = Debug|Any CPU
		{CB495FA4-75FD-484E-98CE-E18A275762AF}.Debug|Any CPU.Build.0 = Debug|Any CPU
		{CB495FA4-75FD-484E-98CE-E18A275762AF}.Debug|x64.ActiveCfg = Debug|Any CPU
		{CB495FA4-75FD-484E-98CE-E18A275762AF}.Debug|x64.Build.0 = Debug|Any CPU
		{CB495FA4-75FD-484E-98CE-E18A275762AF}.Debug|x86.ActiveCfg = Debug|Any CPU
		{CB495FA4-75FD-484E-98CE-E18A275762AF}.Debug|x86.Build.0 = Debug|Any CPU
		{CB495FA4-75FD-484E-98CE-E18A275762AF}.Release|Any CPU.ActiveCfg = Release|Any CPU
		{CB495FA4-75FD-484E-98CE-E18A275762AF}.Release|Any CPU.Build.0 = Release|Any CPU
		{CB495FA4-75FD-484E-98CE-E18A275762AF}.Release|x64.ActiveCfg = Release|Any CPU
		{CB495FA4-75FD-484E-98CE-E18A275762AF}.Release|x64.Build.0 = Release|Any CPU
		{CB495FA4-75FD-484E-98CE-E18A275762AF}.Release|x86.ActiveCfg = Release|Any CPU
		{CB495FA4-75FD-484E-98CE-E18A275762AF}.Release|x86.Build.0 = Release|Any CPU
		{E809A494-F491-4F5D-9CF9-73C42A17CDCF}.Debug|Any CPU.ActiveCfg = Debug|Any CPU
		{E809A494-F491-4F5D-9CF9-73C42A17CDCF}.Debug|Any CPU.Build.0 = Debug|Any CPU
		{E809A494-F491-4F5D-9CF9-73C42A17CDCF}.Debug|x64.ActiveCfg = Debug|Any CPU
		{E809A494-F491-4F5D-9CF9-73C42A17CDCF}.Debug|x64.Build.0 = Debug|Any CPU
		{E809A494-F491-4F5D-9CF9-73C42A17CDCF}.Debug|x86.ActiveCfg = Debug|Any CPU
		{E809A494-F491-4F5D-9CF9-73C42A17CDCF}.Debug|x86.Build.0 = Debug|Any CPU
		{E809A494-F491-4F5D-9CF9-73C42A17CDCF}.Release|Any CPU.ActiveCfg = Release|Any CPU
		{E809A494-F491-4F5D-9CF9-73C42A17CDCF}.Release|Any CPU.Build.0 = Release|Any CPU
		{E809A494-F491-4F5D-9CF9-73C42A17CDCF}.Release|x64.ActiveCfg = Release|Any CPU
		{E809A494-F491-4F5D-9CF9-73C42A17CDCF}.Release|x64.Build.0 = Release|Any CPU
		{E809A494-F491-4F5D-9CF9-73C42A17CDCF}.Release|x86.ActiveCfg = Release|Any CPU
		{E809A494-F491-4F5D-9CF9-73C42A17CDCF}.Release|x86.Build.0 = Release|Any CPU
		{8CDE2128-71FE-4541-B8AE-8BFE20B3E1F1}.Debug|Any CPU.ActiveCfg = Debug|Any CPU
		{8CDE2128-71FE-4541-B8AE-8BFE20B3E1F1}.Debug|Any CPU.Build.0 = Debug|Any CPU
		{8CDE2128-71FE-4541-B8AE-8BFE20B3E1F1}.Debug|x64.ActiveCfg = Debug|Any CPU
		{8CDE2128-71FE-4541-B8AE-8BFE20B3E1F1}.Debug|x64.Build.0 = Debug|Any CPU
		{8CDE2128-71FE-4541-B8AE-8BFE20B3E1F1}.Debug|x86.ActiveCfg = Debug|Any CPU
		{8CDE2128-71FE-4541-B8AE-8BFE20B3E1F1}.Debug|x86.Build.0 = Debug|Any CPU
		{8CDE2128-71FE-4541-B8AE-8BFE20B3E1F1}.Release|Any CPU.ActiveCfg = Release|Any CPU
		{8CDE2128-71FE-4541-B8AE-8BFE20B3E1F1}.Release|Any CPU.Build.0 = Release|Any CPU
		{8CDE2128-71FE-4541-B8AE-8BFE20B3E1F1}.Release|x64.ActiveCfg = Release|Any CPU
		{8CDE2128-71FE-4541-B8AE-8BFE20B3E1F1}.Release|x64.Build.0 = Release|Any CPU
		{8CDE2128-71FE-4541-B8AE-8BFE20B3E1F1}.Release|x86.ActiveCfg = Release|Any CPU
		{8CDE2128-71FE-4541-B8AE-8BFE20B3E1F1}.Release|x86.Build.0 = Release|Any CPU
		{DEBBCF9F-A934-4CEE-B9E1-82C59565764A}.Debug|Any CPU.ActiveCfg = Debug|Any CPU
		{DEBBCF9F-A934-4CEE-B9E1-82C59565764A}.Debug|Any CPU.Build.0 = Debug|Any CPU
		{DEBBCF9F-A934-4CEE-B9E1-82C59565764A}.Debug|x64.ActiveCfg = Debug|Any CPU
		{DEBBCF9F-A934-4CEE-B9E1-82C59565764A}.Debug|x64.Build.0 = Debug|Any CPU
		{DEBBCF9F-A934-4CEE-B9E1-82C59565764A}.Debug|x86.ActiveCfg = Debug|Any CPU
		{DEBBCF9F-A934-4CEE-B9E1-82C59565764A}.Debug|x86.Build.0 = Debug|Any CPU
		{DEBBCF9F-A934-4CEE-B9E1-82C59565764A}.Release|Any CPU.ActiveCfg = Release|Any CPU
		{DEBBCF9F-A934-4CEE-B9E1-82C59565764A}.Release|Any CPU.Build.0 = Release|Any CPU
		{DEBBCF9F-A934-4CEE-B9E1-82C59565764A}.Release|x64.ActiveCfg = Release|Any CPU
		{DEBBCF9F-A934-4CEE-B9E1-82C59565764A}.Release|x64.Build.0 = Release|Any CPU
		{DEBBCF9F-A934-4CEE-B9E1-82C59565764A}.Release|x86.ActiveCfg = Release|Any CPU
		{DEBBCF9F-A934-4CEE-B9E1-82C59565764A}.Release|x86.Build.0 = Release|Any CPU
		{41F790D1-8CEA-4ACF-A3B4-61D18A6699B6}.Debug|Any CPU.ActiveCfg = Debug|Any CPU
		{41F790D1-8CEA-4ACF-A3B4-61D18A6699B6}.Debug|Any CPU.Build.0 = Debug|Any CPU
		{41F790D1-8CEA-4ACF-A3B4-61D18A6699B6}.Debug|x64.ActiveCfg = Debug|Any CPU
		{41F790D1-8CEA-4ACF-A3B4-61D18A6699B6}.Debug|x64.Build.0 = Debug|Any CPU
		{41F790D1-8CEA-4ACF-A3B4-61D18A6699B6}.Debug|x86.ActiveCfg = Debug|Any CPU
		{41F790D1-8CEA-4ACF-A3B4-61D18A6699B6}.Debug|x86.Build.0 = Debug|Any CPU
		{41F790D1-8CEA-4ACF-A3B4-61D18A6699B6}.Release|Any CPU.ActiveCfg = Release|Any CPU
		{41F790D1-8CEA-4ACF-A3B4-61D18A6699B6}.Release|Any CPU.Build.0 = Release|Any CPU
		{41F790D1-8CEA-4ACF-A3B4-61D18A6699B6}.Release|x64.ActiveCfg = Release|Any CPU
		{41F790D1-8CEA-4ACF-A3B4-61D18A6699B6}.Release|x64.Build.0 = Release|Any CPU
		{41F790D1-8CEA-4ACF-A3B4-61D18A6699B6}.Release|x86.ActiveCfg = Release|Any CPU
		{41F790D1-8CEA-4ACF-A3B4-61D18A6699B6}.Release|x86.Build.0 = Release|Any CPU
		{2A25722A-5C83-4412-9A3A-CE82DB2137E7}.Debug|Any CPU.ActiveCfg = Debug|Any CPU
		{2A25722A-5C83-4412-9A3A-CE82DB2137E7}.Debug|Any CPU.Build.0 = Debug|Any CPU
		{2A25722A-5C83-4412-9A3A-CE82DB2137E7}.Debug|x64.ActiveCfg = Debug|Any CPU
		{2A25722A-5C83-4412-9A3A-CE82DB2137E7}.Debug|x64.Build.0 = Debug|Any CPU
		{2A25722A-5C83-4412-9A3A-CE82DB2137E7}.Debug|x86.ActiveCfg = Debug|Any CPU
		{2A25722A-5C83-4412-9A3A-CE82DB2137E7}.Debug|x86.Build.0 = Debug|Any CPU
		{2A25722A-5C83-4412-9A3A-CE82DB2137E7}.Release|Any CPU.ActiveCfg = Release|Any CPU
		{2A25722A-5C83-4412-9A3A-CE82DB2137E7}.Release|Any CPU.Build.0 = Release|Any CPU
		{2A25722A-5C83-4412-9A3A-CE82DB2137E7}.Release|x64.ActiveCfg = Release|Any CPU
		{2A25722A-5C83-4412-9A3A-CE82DB2137E7}.Release|x64.Build.0 = Release|Any CPU
		{2A25722A-5C83-4412-9A3A-CE82DB2137E7}.Release|x86.ActiveCfg = Release|Any CPU
		{2A25722A-5C83-4412-9A3A-CE82DB2137E7}.Release|x86.Build.0 = Release|Any CPU
	EndGlobalSection
	GlobalSection(SolutionProperties) = preSolution
		HideSolutionNode = FALSE
	EndGlobalSection
	GlobalSection(ExtensibilityGlobals) = postSolution
		SolutionGuid = {5A0CD58C-BACA-489D-B221-68A0AB47F830}
	EndGlobalSection
EndGlobal
